# THIS IS AN AUTOGENERATED FILE. DO NOT EDIT THIS FILE DIRECTLY.
# yarn lockfile v1


three@^0.177.0:
  version "0.177.0"
  resolved "https://registry.yarnpkg.com/three/-/three-0.177.0.tgz#e51f2eb2b921fbab535bdfa81c403f9993b9dd83"
  integrity sha512-EiXv5/qWAaGI+Vz2A+JfavwYCMdGjxVsrn3oBwllUoqYeaBO75J63ZfyaQKoiLrqNHoTlUc6PFgMXnS0kI45zg==
